
Microsoft Visual Studio Solution File, Format Version 12.00
# Visual Studio Version 17
VisualStudioVersion = 17.5.002.0
MinimumVisualStudioVersion = 10.0.40219.1
Project("{9A19103F-16F7-4668-BE54-9A1E7A4F7556}") = "EgzaminS24107", "EgzaminS24107.csproj", "{D4320171-565E-4695-9352-B63EFFFC1956}"
EndProject
Global
	GlobalSection(SolutionConfigurationPlatforms) = preSolution
		Debug|Any CPU = Debug|Any CPU
		Release|Any CPU = Release|Any CPU
	EndGlobalSection
	GlobalSection(ProjectConfigurationPlatforms) = postSolution
		{D4320171-565E-4695-9352-B63EFFFC1956}.Debug|Any CPU.ActiveCfg = Debug|Any CPU
		{D4320171-565E-4695-9352-B63EFFFC1956}.Debug|Any CPU.Build.0 = Debug|Any CPU
		{D4320171-565E-4695-9352-B63EFFFC1956}.Release|Any CPU.ActiveCfg = Release|Any CPU
		{D4320171-565E-4695-9352-B63EFFFC1956}.Release|Any CPU.Build.0 = Release|Any CPU
	EndGlobalSection
	GlobalSection(SolutionProperties) = preSolution
		HideSolutionNode = FALSE
	EndGlobalSection
	GlobalSection(ExtensibilityGlobals) = postSolution
		SolutionGuid = {C33F766F-7791-48B0-975A-6AB0002B8FD8}
	EndGlobalSection
EndGlobal
